
Microsoft Visual Studio Solution File, Format Version 12.00
# Visual Studio Version 17
VisualStudioVersion = 17.10.35013.160
MinimumVisualStudioVersion = 10.0.40219.1
Project("{9A19103F-16F7-4668-BE54-9A1E7A4F7556}") = "GrammarParser", "GrammarParser\GrammarParser.csproj", "{12AFFF7D-4A7D-45AE-802F-35388BAFF15C}"
EndProject
Project("{9A19103F-16F7-4668-BE54-9A1E7A4F7556}") = "Tests", "GrammarParserTests\Tests.csproj", "{DAFF7FB2-2052-488D-98BD-05A331379C20}"
EndProject
Global
	GlobalSection(SolutionConfigurationPlatforms) = preSolution
		Debug|Any CPU = Debug|Any CPU
		Release|Any CPU = Release|Any CPU
	EndGlobalSection
	GlobalSection(ProjectConfigurationPlatforms) = postSolution
		{12AFFF7D-4A7D-45AE-802F-35388BAFF15C}.Debug|Any CPU.ActiveCfg = Debug|Any CPU
		{12AFFF7D-4A7D-45AE-802F-35388BAFF15C}.Debug|Any CPU.Build.0 = Debug|Any CPU
		{12AFFF7D-4A7D-45AE-802F-35388BAFF15C}.Release|Any CPU.ActiveCfg = Release|Any CPU
		{12AFFF7D-4A7D-45AE-802F-35388BAFF15C}.Release|Any CPU.Build.0 = Release|Any CPU
		{DAFF7FB2-2052-488D-98BD-05A331379C20}.Debug|Any CPU.ActiveCfg = Debug|Any CPU
		{DAFF7FB2-2052-488D-98BD-05A331379C20}.Debug|Any CPU.Build.0 = Debug|Any CPU
		{DAFF7FB2-2052-488D-98BD-05A331379C20}.Release|Any CPU.ActiveCfg = Release|Any CPU
		{DAFF7FB2-2052-488D-98BD-05A331379C20}.Release|Any CPU.Build.0 = Release|Any CPU
	EndGlobalSection
	GlobalSection(SolutionProperties) = preSolution
		HideSolutionNode = FALSE
	EndGlobalSection
	GlobalSection(ExtensibilityGlobals) = postSolution
		SolutionGuid = {0F629E4A-3E0F-4A51-82C3-5C78D59EC8BA}
	EndGlobalSection
EndGlobal
